// !$*UTF8*$!
{
	archiveVersion = 1;
	classes = {
	};
	objectVersion = 46;
	objects = {

/* Begin PBXBuildFile section */
		EC8E105919AA126B0094CC57 /* AppDelegate.swift in Sources */ = {isa = PBXBuildFile; fileRef = EC8E105819AA126B0094CC57 /* AppDelegate.swift */; };
		EC8E105B19AA126B0094CC57 /* MasterViewController.swift in Sources */ = {isa = PBXBuildFile; fileRef = EC8E105A19AA126B0094CC57 /* MasterViewController.swift */; };
		EC8E105D19AA126B0094CC57 /* DetailViewController.swift in Sources */ = {isa = PBXBuildFile; fileRef = EC8E105C19AA126B0094CC57 /* DetailViewController.swift */; };
		EC8E106019AA126B0094CC57 /* Main.storyboard in Resources */ = {isa = PBXBuildFile; fileRef = EC8E105E19AA126B0094CC57 /* Main.storyboard */; };
		EC8E106219AA126B0094CC57 /* Images.xcassets in Resources */ = {isa = PBXBuildFile; fileRef = EC8E106119AA126B0094CC57 /* Images.xcassets */; };
		EC8E106E19AA126C0094CC57 /* json_dataTests.swift in Sources */ = {isa = PBXBuildFile; fileRef = EC8E106D19AA126C0094CC57 /* json_dataTests.swift */; };
		EC8E107819AA1B490094CC57 /* Post.swift in Sources */ = {isa = PBXBuildFile; fileRef = EC8E107719AA1B490094CC57 /* Post.swift */; };
		EC8E107A19AA1B640094CC57 /* PostService.swift in Sources */ = {isa = PBXBuildFile; fileRef = EC8E107919AA1B640094CC57 /* PostService.swift */; };
		EC8E107C19AA21820094CC57 /* Setting.swift in Sources */ = {isa = PBXBuildFile; fileRef = EC8E107B19AA21820094CC57 /* Setting.swift */; };
/* End PBXBuildFile section */

/* Begin PBXContainerItemProxy section */
		EC8E106819AA126C0094CC57 /* PBXContainerItemProxy */ = {
			isa = PBXContainerItemProxy;
			containerPortal = EC8E104B19AA126B0094CC57 /* Project object */;
			proxyType = 1;
			remoteGlobalIDString = EC8E105219AA126B0094CC57;
			remoteInfo = "json-data";
		};
/* End PBXContainerItemProxy section */

/* Begin PBXFileReference section */
		EC8E105319AA126B0094CC57 /* json-data.app */ = {isa = PBXFileReference; explicitFileType = wrapper.application; includeInIndex = 0; path = "json-data.app"; sourceTree = BUILT_PRODUCTS_DIR; };
		EC8E105719AA126B0094CC57 /* Info.plist */ = {isa = PBXFileReference; lastKnownFileType = text.plist.xml; path = Info.plist; sourceTree = "<group>"; };
		EC8E105819AA126B0094CC57 /* AppDelegate.swift */ = {isa = PBXFileReference; lastKnownFileType = sourcecode.swift; path = AppDelegate.swift; sourceTree = "<group>"; };
		EC8E105A19AA126B0094CC57 /* MasterViewController.swift */ = {isa = PBXFileReference; lastKnownFileType = sourcecode.swift; path = MasterViewController.swift; sourceTree = "<group>"; };
		EC8E105C19AA126B0094CC57 /* DetailViewController.swift */ = {isa = PBXFileReference; lastKnownFileType = sourcecode.swift; path = DetailViewController.swift; sourceTree = "<group>"; };
		EC8E105F19AA126B0094CC57 /* Base */ = {isa = PBXFileReference; lastKnownFileType = file.storyboard; name = Base; path = Base.lproj/Main.storyboard; sourceTree = "<group>"; };
		EC8E106119AA126B0094CC57 /* Images.xcassets */ = {isa = PBXFileReference; lastKnownFileType = folder.assetcatalog; path = Images.xcassets; sourceTree = "<group>"; };
		EC8E106719AA126C0094CC57 /* json-dataTests.xctest */ = {isa = PBXFileReference; explicitFileType = wrapper.cfbundle; includeInIndex = 0; path = "json-dataTests.xctest"; sourceTree = BUILT_PRODUCTS_DIR; };
		EC8E106C19AA126C0094CC57 /* Info.plist */ = {isa = PBXFileReference; lastKnownFileType = text.plist.xml; path = Info.plist; sourceTree = "<group>"; };
		EC8E106D19AA126C0094CC57 /* json_dataTests.swift */ = {isa = PBXFileReference; lastKnownFileType = sourcecode.swift; path = json_dataTests.swift; sourceTree = "<group>"; };
		EC8E107719AA1B490094CC57 /* Post.swift */ = {isa = PBXFileReference; fileEncoding = 4; lastKnownFileType = sourcecode.swift; path = Post.swift; sourceTree = "<group>"; };
		EC8E107919AA1B640094CC57 /* PostService.swift */ = {isa = PBXFileReference; fileEncoding = 4; lastKnownFileType = sourcecode.swift; path = PostService.swift; sourceTree = "<group>"; };
		EC8E107B19AA21820094CC57 /* Setting.swift */ = {isa = PBXFileReference; fileEncoding = 4; lastKnownFileType = sourcecode.swift; path = Setting.swift; sourceTree = "<group>"; };
/* End PBXFileReference section */

/* Begin PBXFrameworksBuildPhase section */
		EC8E105019AA126B0094CC57 /* Frameworks */ = {
			isa = PBXFrameworksBuildPhase;
			buildActionMask = 2147483647;
			files = (
			);
			runOnlyForDeploymentPostprocessing = 0;
		};
		EC8E106419AA126C0094CC57 /* Frameworks */ = {
			isa = PBXFrameworksBuildPhase;
			buildActionMask = 2147483647;
			files = (
			);
			runOnlyForDeploymentPostprocessing = 0;
		};
/* End PBXFrameworksBuildPhase section */

/* Begin PBXGroup section */
		EC8E104A19AA126B0094CC57 = {
			isa = PBXGroup;
			children = (
				EC8E107B19AA21820094CC57 /* Setting.swift */,
				EC8E107919AA1B640094CC57 /* PostService.swift */,
				EC8E107719AA1B490094CC57 /* Post.swift */,
				EC8E105519AA126B0094CC57 /* json-data */,
				EC8E106A19AA126C0094CC57 /* json-dataTests */,
				EC8E105419AA126B0094CC57 /* Products */,
			);
			sourceTree = "<group>";
		};
		EC8E105419AA126B0094CC57 /* Products */ = {
			isa = PBXGroup;
			children = (
				EC8E105319AA126B0094CC57 /* json-data.app */,
				EC8E106719AA126C0094CC57 /* json-dataTests.xctest */,
			);
			name = Products;
			sourceTree = "<group>";
		};
		EC8E105519AA126B0094CC57 /* json-data */ = {
			isa = PBXGroup;
			children = (
				EC8E105819AA126B0094CC57 /* AppDelegate.swift */,
				EC8E105A19AA126B0094CC57 /* MasterViewController.swift */,
				EC8E105C19AA126B0094CC57 /* DetailViewController.swift */,
				EC8E105E19AA126B0094CC57 /* Main.storyboard */,
				EC8E106119AA126B0094CC57 /* Images.xcassets */,
				EC8E105619AA126B0094CC57 /* Supporting Files */,
			);
			path = "json-data";
			sourceTree = "<group>";
		};
		EC8E105619AA126B0094CC57 /* Supporting Files */ = {
			isa = PBXGroup;
			children = (
				EC8E105719AA126B0094CC57 /* Info.plist */,
			);
			name = "Supporting Files";
			sourceTree = "<group>";
		};
		EC8E106A19AA126C0094CC57 /* json-dataTests */ = {
			isa = PBXGroup;
			children = (
				EC8E106D19AA126C0094CC57 /* json_dataTests.swift */,
				EC8E106B19AA126C0094CC57 /* Supporting Files */,
			);
			path = "json-dataTests";
			sourceTree = "<group>";
		};
		EC8E106B19AA126C0094CC57 /* Supporting Files */ = {
			isa = PBXGroup;
			children = (
				EC8E106C19AA126C0094CC57 /* Info.plist */,
			);
			name = "Supporting Files";
			sourceTree = "<group>";
		};
/* End PBXGroup section */

/* Begin PBXNativeTarget section */
		EC8E105219AA126B0094CC57 /* json-data */ = {
			isa = PBXNativeTarget;
			buildConfigurationList = EC8E107119AA126C0094CC57 /* Build configuration list for PBXNativeTarget "json-data" */;
			buildPhases = (
				EC8E104F19AA126B0094CC57 /* Sources */,
				EC8E105019AA126B0094CC57 /* Frameworks */,
				EC8E105119AA126B0094CC57 /* Resources */,
			);
			buildRules = (
			);
			dependencies = (
			);
			name = "json-data";
			productName = "json-data";
			productReference = EC8E105319AA126B0094CC57 /* json-data.app */;
			productType = "com.apple.product-type.application";
		};
		EC8E106619AA126C0094CC57 /* json-dataTests */ = {
			isa = PBXNativeTarget;
			buildConfigurationList = EC8E107419AA126C0094CC57 /* Build configuration list for PBXNativeTarget "json-dataTests" */;
			buildPhases = (
				EC8E106319AA126C0094CC57 /* Sources */,
				EC8E106419AA126C0094CC57 /* Frameworks */,
				EC8E106519AA126C0094CC57 /* Resources */,
			);
			buildRules = (
			);
			dependencies = (
				EC8E106919AA126C0094CC57 /* PBXTargetDependency */,
			);
			name = "json-dataTests";
			productName = "json-dataTests";
			productReference = EC8E106719AA126C0094CC57 /* json-dataTests.xctest */;
			productType = "com.apple.product-type.bundle.unit-test";
		};
/* End PBXNativeTarget section */

/* Begin PBXProject section */
		EC8E104B19AA126B0094CC57 /* Project object */ = {
			isa = PBXProject;
			attributes = {
				LastUpgradeCheck = 0600;
				ORGANIZATIONNAME = lighter;
				TargetAttributes = {
					EC8E105219AA126B0094CC57 = {
						CreatedOnToolsVersion = 6.0;
					};
					EC8E106619AA126C0094CC57 = {
						CreatedOnToolsVersion = 6.0;
						TestTargetID = EC8E105219AA126B0094CC57;
					};
				};
			};
			buildConfigurationList = EC8E104E19AA126B0094CC57 /* Build configuration list for PBXProject "json-data" */;
			compatibilityVersion = "Xcode 3.2";
			developmentRegion = English;
			hasScannedForEncodings = 0;
			knownRegions = (
				en,
				Base,
			);
			mainGroup = EC8E104A19AA126B0094CC57;
			productRefGroup = EC8E105419AA126B0094CC57 /* Products */;
			projectDirPath = "";
			projectRoot = "";
			targets = (
				EC8E105219AA126B0094CC57 /* json-data */,
				EC8E106619AA126C0094CC57 /* json-dataTests */,
			);
		};
/* End PBXProject section */

/* Begin PBXResourcesBuildPhase section */
		EC8E105119AA126B0094CC57 /* Resources */ = {
			isa = PBXResourcesBuildPhase;
			buildActionMask = 2147483647;
			files = (
				EC8E106019AA126B0094CC57 /* Main.storyboard in Resources */,
				EC8E106219AA126B0094CC57 /* Images.xcassets in Resources */,
			);
			runOnlyForDeploymentPostprocessing = 0;
		};
		EC8E106519AA126C0094CC57 /* Resources */ = {
			isa = PBXResourcesBuildPhase;
			buildActionMask = 2147483647;
			files = (
			);
			runOnlyForDeploymentPostprocessing = 0;
		};
/* End PBXResourcesBuildPhase section */

/* Begin PBXSourcesBuildPhase section */
		EC8E104F19AA126B0094CC57 /* Sources */ = {
			isa = PBXSourcesBuildPhase;
			buildActionMask = 2147483647;
			files = (
				EC8E107A19AA1B640094CC57 /* PostService.swift in Sources */,
				EC8E105D19AA126B0094CC57 /* DetailViewController.swift in Sources */,
				EC8E107C19AA21820094CC57 /* Setting.swift in Sources */,
				EC8E105B19AA126B0094CC57 /* MasterViewController.swift in Sources */,
				EC8E105919AA126B0094CC57 /* AppDelegate.swift in Sources */,
				EC8E107819AA1B490094CC57 /* Post.swift in Sources */,
			);
			runOnlyForDeploymentPostprocessing = 0;
		};
		EC8E106319AA126C0094CC57 /* Sources */ = {
			isa = PBXSourcesBuildPhase;
			buildActionMask = 2147483647;
			files = (
				EC8E106E19AA126C0094CC57 /* json_dataTests.swift in Sources */,
			);
			runOnlyForDeploymentPostprocessing = 0;
		};
/* End PBXSourcesBuildPhase section */

/* Begin PBXTargetDependency section */
		EC8E106919AA126C0094CC57 /* PBXTargetDependency */ = {
			isa = PBXTargetDependency;
			target = EC8E105219AA126B0094CC57 /* json-data */;
			targetProxy = EC8E106819AA126C0094CC57 /* PBXContainerItemProxy */;
		};
/* End PBXTargetDependency section */

/* Begin PBXVariantGroup section */
		EC8E105E19AA126B0094CC57 /* Main.storyboard */ = {
			isa = PBXVariantGroup;
			children = (
				EC8E105F19AA126B0094CC57 /* Base */,
			);
			name = Main.storyboard;
			sourceTree = "<group>";
		};
/* End PBXVariantGroup section */

/* Begin XCBuildConfiguration section */
		EC8E106F19AA126C0094CC57 /* Debug */ = {
			isa = XCBuildConfiguration;
			buildSettings = {
				ALWAYS_SEARCH_USER_PATHS = NO;
				CLANG_CXX_LANGUAGE_STANDARD = "gnu++0x";
				CLANG_CXX_LIBRARY = "libc++";
				CLANG_ENABLE_MODULES = YES;
				CLANG_ENABLE_OBJC_ARC = YES;
				CLANG_WARN_BOOL_CONVERSION = YES;
				CLANG_WARN_CONSTANT_CONVERSION = YES;
				CLANG_WARN_DIRECT_OBJC_ISA_USAGE = YES_ERROR;
				CLANG_WARN_EMPTY_BODY = YES;
				CLANG_WARN_ENUM_CONVERSION = YES;
				CLANG_WARN_INT_CONVERSION = YES;
				CLANG_WARN_OBJC_ROOT_CLASS = YES_ERROR;
				CLANG_WARN_UNREACHABLE_CODE = YES;
				CLANG_WARN__DUPLICATE_METHOD_MATCH = YES;
				"CODE_SIGN_IDENTITY[sdk=iphoneos*]" = "iPhone Developer";
				COPY_PHASE_STRIP = NO;
				ENABLE_STRICT_OBJC_MSGSEND = YES;
				GCC_C_LANGUAGE_STANDARD = gnu99;
				GCC_DYNAMIC_NO_PIC = NO;
				GCC_OPTIMIZATION_LEVEL = 0;
				GCC_PREPROCESSOR_DEFINITIONS = (
					"DEBUG=1",
					"$(inherited)",
				);
				GCC_SYMBOLS_PRIVATE_EXTERN = NO;
				GCC_WARN_64_TO_32_BIT_CONVERSION = YES;
				GCC_WARN_ABOUT_RETURN_TYPE = YES_ERROR;
				GCC_WARN_UNDECLARED_SELECTOR = YES;
				GCC_WARN_UNINITIALIZED_AUTOS = YES_AGGRESSIVE;
				GCC_WARN_UNUSED_FUNCTION = YES;
				GCC_WARN_UNUSED_VARIABLE = YES;
				IPHONEOS_DEPLOYMENT_TARGET = 8.0;
				MTL_ENABLE_DEBUG_INFO = YES;
				ONLY_ACTIVE_ARCH = YES;
				SDKROOT = iphoneos;
				SWIFT_OPTIMIZATION_LEVEL = "-Onone";
				TARGETED_DEVICE_FAMILY = "1,2";
			};
			name = Debug;
		};
		EC8E107019AA126C0094CC57 /* Release */ = {
			isa = XCBuildConfiguration;
			buildSettings = {
				ALWAYS_SEARCH_USER_PATHS = NO;
				CLANG_CXX_LANGUAGE_STANDARD = "gnu++0x";
				CLANG_CXX_LIBRARY = "libc++";
				CLANG_ENABLE_MODULES = YES;
				CLANG_ENABLE_OBJC_ARC = YES;
				CLANG_WARN_BOOL_CONVERSION = YES;
				CLANG_WARN_CONSTANT_CONVERSION = YES;
				CLANG_WARN_DIRECT_OBJC_ISA_USAGE = YES_ERROR;
				CLANG_WARN_EMPTY_BODY = YES;
				CLANG_WARN_ENUM_CONVERSION = YES;
				CLANG_WARN_INT_CONVERSION = YES;
				CLANG_WARN_OBJC_ROOT_CLASS = YES_ERROR;
				CLANG_WARN_UNREACHABLE_CODE = YES;
				CLANG_WARN__DUPLICATE_METHOD_MATCH = YES;
				"CODE_SIGN_IDENTITY[sdk=iphoneos*]" = "iPhone Developer";
				COPY_PHASE_STRIP = YES;
				ENABLE_NS_ASSERTIONS = NO;
				ENABLE_STRICT_OBJC_MSGSEND = YES;
				GCC_C_LANGUAGE_STANDARD = gnu99;
				GCC_WARN_64_TO_32_BIT_CONVERSION = YES;
				GCC_WARN_ABOUT_RETURN_TYPE = YES_ERROR;
				GCC_WARN_UNDECLARED_SELECTOR = YES;
				GCC_WARN_UNINITIALIZED_AUTOS = YES_AGGRESSIVE;
				GCC_WARN_UNUSED_FUNCTION = YES;
				GCC_WARN_UNUSED_VARIABLE = YES;
				IPHONEOS_DEPLOYMENT_TARGET = 8.0;
				MTL_ENABLE_DEBUG_INFO = NO;
				SDKROOT = iphoneos;
				TARGETED_DEVICE_FAMILY = "1,2";
				VALIDATE_PRODUCT = YES;
			};
			name = Release;
		};
		EC8E107219AA126C0094CC57 /* Debug */ = {
			isa = XCBuildConfiguration;
			buildSettings = {
				ASSETCATALOG_COMPILER_APPICON_NAME = AppIcon;
				ASSETCATALOG_COMPILER_LAUNCHIMAGE_NAME = LaunchImage;
				INFOPLIST_FILE = "json-data/Info.plist";
				LD_RUNPATH_SEARCH_PATHS = "$(inherited) @executable_path/Frameworks";
				PRODUCT_NAME = "$(TARGET_NAME)";
			};
			name = Debug;
		};
		EC8E107319AA126C0094CC57 /* Release */ = {
			isa = XCBuildConfiguration;
			buildSettings = {
				ASSETCATALOG_COMPILER_APPICON_NAME = AppIcon;
				ASSETCATALOG_COMPILER_LAUNCHIMAGE_NAME = LaunchImage;
				INFOPLIST_FILE = "json-data/Info.plist";
				LD_RUNPATH_SEARCH_PATHS = "$(inherited) @executable_path/Frameworks";
				PRODUCT_NAME = "$(TARGET_NAME)";
			};
			name = Release;
		};
		EC8E107519AA126C0094CC57 /* Debug */ = {
			isa = XCBuildConfiguration;
			buildSettings = {
				BUNDLE_LOADER = "$(TEST_HOST)";
				FRAMEWORK_SEARCH_PATHS = (
					"$(SDKROOT)/Developer/Library/Frameworks",
					"$(inherited)",
				);
				GCC_PREPROCESSOR_DEFINITIONS = (
					"DEBUG=1",
					"$(inherited)",
				);
				INFOPLIST_FILE = "json-dataTests/Info.plist";
				LD_RUNPATH_SEARCH_PATHS = "$(inherited) @executable_path/Frameworks @loader_path/Frameworks";
				PRODUCT_NAME = "$(TARGET_NAME)";
				TEST_HOST = "$(BUILT_PRODUCTS_DIR)/json-data.app/json-data";
			};
			name = Debug;
		};
		EC8E107619AA126C0094CC57 /* Release */ = {
			isa = XCBuildConfiguration;
			buildSettings = {
				BUNDLE_LOADER = "$(TEST_HOST)";
				FRAMEWORK_SEARCH_PATHS = (
					"$(SDKROOT)/Developer/Library/Frameworks",
					"$(inherited)",
				);
				INFOPLIST_FILE = "json-dataTests/Info.plist";
				LD_RUNPATH_SEARCH_PATHS = "$(inherited) @executable_path/Frameworks @loader_path/Frameworks";
				PRODUCT_NAME = "$(TARGET_NAME)";
				TEST_HOST = "$(BUILT_PRODUCTS_DIR)/json-data.app/json-data";
			};
			name = Release;
		};
/* End XCBuildConfiguration section */

/* Begin XCConfigurationList section */
		EC8E104E19AA126B0094CC57 /* Build configuration list for PBXProject "json-data" */ = {
			isa = XCConfigurationList;
			buildConfigurations = (
				EC8E106F19AA126C0094CC57 /* Debug */,
				EC8E107019AA126C0094CC57 /* Release */,
			);
			defaultConfigurationIsVisible = 0;
			defaultConfigurationName = Release;
		};
		EC8E107119AA126C0094CC57 /* Build configuration list for PBXNativeTarget "json-data" */ = {
			isa = XCConfigurationList;
			buildConfigurations = (
				EC8E107219AA126C0094CC57 /* Debug */,
				EC8E107319AA126C0094CC57 /* Release */,
			);
			defaultConfigurationIsVisible = 0;
		};
		EC8E107419AA126C0094CC57 /* Build configuration list for PBXNativeTarget "json-dataTests" */ = {
			isa = XCConfigurationList;
			buildConfigurations = (
				EC8E107519AA126C0094CC57 /* Debug */,
				EC8E107619AA126C0094CC57 /* Release */,
			);
			defaultConfigurationIsVisible = 0;
		};
/* End XCConfigurationList section */
	};
	rootObject = EC8E104B19AA126B0094CC57 /* Project object */;
}
